
Microsoft Visual Studio Solution File, Format Version 12.00
Project("{FAE04EC0-301F-11D3-BF4B-00C04F79EFBC}") = "calculator", "calculator\calculator.csproj", "{10B2B7ED-CA12-4669-825D-E894E88F8766}"
EndProject
Project("{FAE04EC0-301F-11D3-BF4B-00C04F79EFBC}") = "calculator.Test", "calculator.Test\calculator.Test.csproj", "{C747D730-9D4D-4483-AEBD-C89B7A48619A}"
EndProject
Global
	GlobalSection(SolutionConfigurationPlatforms) = preSolution
		Debug|Any CPU = Debug|Any CPU
		Release|Any CPU = Release|Any CPU
	EndGlobalSection
	GlobalSection(ProjectConfigurationPlatforms) = postSolution
		{10B2B7ED-CA12-4669-825D-E894E88F8766}.Debug|Any CPU.ActiveCfg = Debug|Any CPU
		{10B2B7ED-CA12-4669-825D-E894E88F8766}.Debug|Any CPU.Build.0 = Debug|Any CPU
		{10B2B7ED-CA12-4669-825D-E894E88F8766}.Release|Any CPU.ActiveCfg = Release|Any CPU
		{10B2B7ED-CA12-4669-825D-E894E88F8766}.Release|Any CPU.Build.0 = Release|Any CPU
		{C747D730-9D4D-4483-AEBD-C89B7A48619A}.Debug|Any CPU.ActiveCfg = Debug|Any CPU
		{C747D730-9D4D-4483-AEBD-C89B7A48619A}.Debug|Any CPU.Build.0 = Debug|Any CPU
		{C747D730-9D4D-4483-AEBD-C89B7A48619A}.Release|Any CPU.ActiveCfg = Release|Any CPU
		{C747D730-9D4D-4483-AEBD-C89B7A48619A}.Release|Any CPU.Build.0 = Release|Any CPU
	EndGlobalSection
EndGlobal
